
Microsoft Visual Studio Solution File, Format Version 12.00
# Visual Studio Version 17
VisualStudioVersion = 17.14.36518.9 d17.14
MinimumVisualStudioVersion = 10.0.40219.1
Project("{FAE04EC0-301F-11D3-BF4B-00C04F79EFBC}") = "NoMoreBets.Data", "NoMoreBets.Data\NoMoreBets.Data.csproj", "{0B2F6B51-4807-4053-973B-74EA87840F37}"
EndProject
Global
	GlobalSection(SolutionConfigurationPlatforms) = preSolution
		Debug|Any CPU = Debug|Any CPU
		Release|Any CPU = Release|Any CPU
	EndGlobalSection
	GlobalSection(ProjectConfigurationPlatforms) = postSolution
		{0B2F6B51-4807-4053-973B-74EA87840F37}.Debug|Any CPU.ActiveCfg = Debug|Any CPU
		{0B2F6B51-4807-4053-973B-74EA87840F37}.Debug|Any CPU.Build.0 = Debug|Any CPU
		{0B2F6B51-4807-4053-973B-74EA87840F37}.Release|Any CPU.ActiveCfg = Release|Any CPU
		{0B2F6B51-4807-4053-973B-74EA87840F37}.Release|Any CPU.Build.0 = Release|Any CPU
	EndGlobalSection
	GlobalSection(SolutionProperties) = preSolution
		HideSolutionNode = FALSE
	EndGlobalSection
	GlobalSection(ExtensibilityGlobals) = postSolution
		SolutionGuid = {B3B9C21C-398C-457D-ADB1-6FA3534A3154}
	EndGlobalSection
EndGlobal
